github.com/BurntSushi/freetype-go v0.0.0-20160129220410-b763ddbfe298 h1:1qlsVAQJXZHsaM8b6OLVo6muQUQd4CwkH/D3fnnbHXA=
github.com/BurntSushi/freetype-go v0.0.0-20160129220410-b763ddbfe298/go.mod h1:D+QujdIlUNfa0igpNMk6UIvlb6C252URs4yupRUV4lQ=
github.com/BurntSushi/graphics-go v0.0.0-20160129215708-b43f31a4a966 h1:lTG4HQym5oPKjL7nGs+csTgiDna685ZXjxijkne828g=
github.com/BurntSushi/graphics-go v0.0.0-20160129215708-b43f31a4a966/go.mod h1:Mid70uvE93zn9wgF92A/r5ixgnvX8Lh68fxp9KQBaI0=
github.com/BurntSushi/xgb v0.0.0-20160522181843-27f122750802 h1:1BDTz0u9nC3//pOCMdNH+CiXJVYJh5UQNCOBG7jbELc=
github.com/BurntSushi/xgb v0.0.0-20160522181843-27f122750802/go.mod h1:IVnqGOEym/WlBOVXweHU+Q+/VP0lqqI8lqeDx9IjBqo=
github.com/BurntSushi/xgbutil v0.0.0-20190907113008-ad855c713046 h1:O/r2Sj+8QcMF7V5IcmiE2sMFV2q3J47BEirxbXJAdzA=
github.com/BurntSushi/xgbutil v0.0.0-20190907113008-ad855c713046/go.mod h1:uw9h2sd4WWHOPdJ13MQpwK5qYWKYDumDqxWWIknEQ+k=
github.com/blezek/tga v0.0.0-20150626111426-80720cbc1017 h1:TWk6m6k3qegbUZsdsHk/ix22ANqPgLau40bPwiNQN40=
github.com/blezek/tga v0.0.0-20150626111426-80720cbc1017/go.mod h1:WnX8JiQN+UtyUPq/1EIUaB2WVX3wdAmOBH5K52NyOO0=
github.com/gen2brain/shm v0.0.0-20191025110947-b09d223a76f1 h1:GEXv8KLTAYsNvSM7XS1kyyLjkAAYpBfo83+C2l2zIC4=
github.com/gen2brain/shm v0.0.0-20191025110947-b09d223a76f1/go.mod h1:uF6rMu/1nvu+5DpiRLwusA6xB8zlkNoGzKn8lmYONUo=
github.com/hotei/bmp v0.0.0-20150430041436-f620cebab0c7 h1:NlUATi3cllRJhpM4mfR9BxiLRXT83bcSLcOa+S8lrME=
github.com/hotei/bmp v0.0.0-20150430041436-f620cebab0c7/go.mod h1:Hku3FQ2laCEwSv7Z8YkC0er38jLaUycUCbsFkWMr+z4=
github.com/jbuchbinder/gopnm v0.0.0-20150223212718-5176c556b9ce h1:SHuC5z27u3lD7x5aybCGdCMN9U01n1+bsaTGfJUPvlc=
github.com/jbuchbinder/gopnm v0.0.0-20150223212718-5176c556b9ce/go.mod h1:k4IRLYBcpoQAIqDzFcBFY3eSoVnCvN5nfq3Wqm0ZLp8=
github.com/nfnt/resize v0.0.0-20180221191011-83c6a9932646 h1:zYyBkD/k9seD2A7fsi6Oo2LfFZAehjjQMERAvZLEDnQ=
github.com/nfnt/resize v0.0.0-20180221191011-83c6a9932646/go.mod h1:jpp1/29i3P1S/RLdc7JQKbRpFeM1dOBd8T9ki5s+AY8=
github.com/oov/psd v0.0.0-20191130205417-6816fb1e0e22 h1:DwOspusq7LTokYuy2Aczso7PGabmYG2EbBSV0H5lAWg=
github.com/oov/psd v0.0.0-20191130205417-6816fb1e0e22/go.mod h1:GHI1bnmAcbp96z6LNfBJvtrjxhaXGkbsk967utPlvL8=
github.com/samuel/go-pcx v0.0.0-20180426214139-d9c017170db4 h1:Y/KOCu+ZLB730PudefxfsKVjtI0m0RhvFk9a0l4O1+c=
github.com/samuel/go-pcx v0.0.0-20180426214139-d9c017170db4/go.mod h1:qxuIawynlRhuaHowuXvd1xjyFWx87Ro4gkZlKRXtHnQ=
golang.org/x/image v0.0.0-20191214001246-9130b4cfad52 h1:2fktqPPvDiVEEVT/vSTeoUPXfmRxRaGy6GU8jypvEn0=
golang.org/x/image v0.0.0-20191214001246-9130b4cfad52/go.mod h1:FeLwcggjj3mMvU+oOTbSwawSJRM1uh48EjtB4UJZlP0=
golang.org/x/text v0.3.0/go.mod h1:NqM8EUOU14njkJ3fqMW+pc6Ldnwhi/IjpwHt7yyuwOQ=
